
Microsoft Visual Studio Solution File, Format Version 12.00
# Visual Studio 2015
Project("{FAE04EC0-301F-11D3-BF4B-00C04F79EFBC}") = "KinectMarchingSquares.CSharp.Plugins", "KinectMarchingSquares.CSharp.Plugins.csproj", "{A3C26DC2-DF8E-6198-8C43-AFE17C6FB187}"
EndProject
Project("{FAE04EC0-301F-11D3-BF4B-00C04F79EFBC}") = "KinectMarchingSquares.CSharp", "KinectMarchingSquares.CSharp.csproj", "{7E178DB0-DD99-9374-33FC-1057F67F8B45}"
EndProject
Project("{FAE04EC0-301F-11D3-BF4B-00C04F79EFBC}") = "KinectMarchingSquares.CSharp.Editor.Plugins", "KinectMarchingSquares.CSharp.Editor.Plugins.csproj", "{A3AACEE8-D049-46BE-90C9-FE1DD9717F13}"
EndProject
Global
	GlobalSection(SolutionConfigurationPlatforms) = preSolution
		Debug|Any CPU = Debug|Any CPU
		Release|Any CPU = Release|Any CPU
	EndGlobalSection
	GlobalSection(ProjectConfigurationPlatforms) = postSolution
		{A3C26DC2-DF8E-6198-8C43-AFE17C6FB187}.Debug|Any CPU.ActiveCfg = Debug|Any CPU
		{A3C26DC2-DF8E-6198-8C43-AFE17C6FB187}.Debug|Any CPU.Build.0 = Debug|Any CPU
		{A3C26DC2-DF8E-6198-8C43-AFE17C6FB187}.Release|Any CPU.ActiveCfg = Release|Any CPU
		{A3C26DC2-DF8E-6198-8C43-AFE17C6FB187}.Release|Any CPU.Build.0 = Release|Any CPU
		{7E178DB0-DD99-9374-33FC-1057F67F8B45}.Debug|Any CPU.ActiveCfg = Debug|Any CPU
		{7E178DB0-DD99-9374-33FC-1057F67F8B45}.Debug|Any CPU.Build.0 = Debug|Any CPU
		{7E178DB0-DD99-9374-33FC-1057F67F8B45}.Release|Any CPU.ActiveCfg = Release|Any CPU
		{7E178DB0-DD99-9374-33FC-1057F67F8B45}.Release|Any CPU.Build.0 = Release|Any CPU
		{A3AACEE8-D049-46BE-90C9-FE1DD9717F13}.Debug|Any CPU.ActiveCfg = Debug|Any CPU
		{A3AACEE8-D049-46BE-90C9-FE1DD9717F13}.Debug|Any CPU.Build.0 = Debug|Any CPU
		{A3AACEE8-D049-46BE-90C9-FE1DD9717F13}.Release|Any CPU.ActiveCfg = Release|Any CPU
		{A3AACEE8-D049-46BE-90C9-FE1DD9717F13}.Release|Any CPU.Build.0 = Release|Any CPU
	EndGlobalSection
	GlobalSection(SolutionProperties) = preSolution
		HideSolutionNode = FALSE
	EndGlobalSection
EndGlobal
